github.com/PiankaLabs/boomsprout v0.0.0-20230508041316-5516f32bf922 h1:gj2fQQg69vBnSTXsldStq0vBLEaByzP8hnnWh7Ph76I=
github.com/PiankaLabs/boomsprout v0.0.0-20230508041316-5516f32bf922/go.mod h1:Daxo8bi4pTSLwVnth2eqrQI0hxpPg38LLB76Pwa9BQg=
github.com/PiankaLabs/boomsprout v0.0.0-20230508045626-cacf2c6bfff0 h1:bnkfUk3MDc+YKZzlrRLU3TTOfRxUTScLLXFzUWFSd0E=
github.com/PiankaLabs/boomsprout v0.0.0-20230508045626-cacf2c6bfff0/go.mod h1:Daxo8bi4pTSLwVnth2eqrQI0hxpPg38LLB76Pwa9BQg=
